
Microsoft Visual Studio Solution File, Format Version 12.00
# Visual Studio 15
VisualStudioVersion = 15.0.26430.16
MinimumVisualStudioVersion = 10.0.40219.1
Project("{2150E333-8FDC-42A3-9474-1A3956D46DE8}") = "0 - Modelage de Entidades", "0 - Modelage de Entidades", "{2CA00525-A2CF-4083-BB69-E4626150E4C7}"
EndProject
Project("{FAE04EC0-301F-11D3-BF4B-00C04F79EFBC}") = "Eniac.Entities", "Eniac.Entities\Eniac.Entities.csproj", "{B869CC7F-6B44-47C6-91AB-CEC755FFCF75}"
EndProject
Global
	GlobalSection(SolutionConfigurationPlatforms) = preSolution
		Debug|Any CPU = Debug|Any CPU
		Release|Any CPU = Release|Any CPU
	EndGlobalSection
	GlobalSection(ProjectConfigurationPlatforms) = postSolution
		{B869CC7F-6B44-47C6-91AB-CEC755FFCF75}.Debug|Any CPU.ActiveCfg = Debug|Any CPU
		{B869CC7F-6B44-47C6-91AB-CEC755FFCF75}.Debug|Any CPU.Build.0 = Debug|Any CPU
		{B869CC7F-6B44-47C6-91AB-CEC755FFCF75}.Release|Any CPU.ActiveCfg = Release|Any CPU
		{B869CC7F-6B44-47C6-91AB-CEC755FFCF75}.Release|Any CPU.Build.0 = Release|Any CPU
	EndGlobalSection
	GlobalSection(SolutionProperties) = preSolution
		HideSolutionNode = FALSE
	EndGlobalSection
	GlobalSection(NestedProjects) = preSolution
		{B869CC7F-6B44-47C6-91AB-CEC755FFCF75} = {2CA00525-A2CF-4083-BB69-E4626150E4C7}
	EndGlobalSection
EndGlobal
